// !$*UTF8*$!
{
	archiveVersion = 1;
	classes = {
	};
	objectVersion = 46;
	objects = {

/* Begin PBXBuildFile section */
		0B104F5218A61BF7001D25D1 /* Foundation.framework in Frameworks */ = {isa = PBXBuildFile; fileRef = 0B104F5118A61BF7001D25D1 /* Foundation.framework */; };
		0B104F5618A61BF7001D25D1 /* UIKit.framework in Frameworks */ = {isa = PBXBuildFile; fileRef = 0B104F5518A61BF7001D25D1 /* UIKit.framework */; };
		0B104F5C18A61BF7001D25D1 /* InfoPlist.strings in Resources */ = {isa = PBXBuildFile; fileRef = 0B104F5A18A61BF7001D25D1 /* InfoPlist.strings */; };
		0B104F5E18A61BF7001D25D1 /* main.m in Sources */ = {isa = PBXBuildFile; fileRef = 0B104F5D18A61BF7001D25D1 /* main.m */; };
		0B104F6218A61BF7001D25D1 /* BCSEAppDelegate.m in Sources */ = {isa = PBXBuildFile; fileRef = 0B104F6118A61BF7001D25D1 /* BCSEAppDelegate.m */; };
		0B104F6518A61BF7001D25D1 /* Main.storyboard in Resources */ = {isa = PBXBuildFile; fileRef = 0B104F6318A61BF7001D25D1 /* Main.storyboard */; };
		0B104F6B18A61BF7001D25D1 /* BCSEMainViewController.m in Sources */ = {isa = PBXBuildFile; fileRef = 0B104F6A18A61BF7001D25D1 /* BCSEMainViewController.m */; };
		0B104F6E18A61BF7001D25D1 /* BCSESettingsViewController.m in Sources */ = {isa = PBXBuildFile; fileRef = 0B104F6D18A61BF7001D25D1 /* BCSESettingsViewController.m */; };
		0B104F7018A61BF7001D25D1 /* Images.xcassets in Resources */ = {isa = PBXBuildFile; fileRef = 0B104F6F18A61BF7001D25D1 /* Images.xcassets */; };
		0B5DC37518A75429008EAEA2 /* NSDate+Additions.m in Sources */ = {isa = PBXBuildFile; fileRef = 0B5DC37018A75429008EAEA2 /* NSDate+Additions.m */; };
		0B5DC37618A75429008EAEA2 /* UIDevice+Additions.m in Sources */ = {isa = PBXBuildFile; fileRef = 0B5DC37218A75429008EAEA2 /* UIDevice+Additions.m */; };
		0B5DC37718A75429008EAEA2 /* UITextViewLogger.m in Sources */ = {isa = PBXBuildFile; fileRef = 0B5DC37418A75429008EAEA2 /* UITextViewLogger.m */; };
		0B6423ED18A6348D00C9CF65 /* CoreLocation.framework in Frameworks */ = {isa = PBXBuildFile; fileRef = 0B6423EC18A6348D00C9CF65 /* CoreLocation.framework */; };
		0B8063CC18BF8E1900A2C5C5 /* DefaultPreferences.plist in Resources */ = {isa = PBXBuildFile; fileRef = 0B8063CB18BF8E1900A2C5C5 /* DefaultPreferences.plist */; };
		0BBADC6918A67C7B0034328A /* libc++.dylib in Frameworks */ = {isa = PBXBuildFile; fileRef = 0BBADC6818A67C7B0034328A /* libc++.dylib */; };
		4AEE332933704E91B204EFA6 /* libPods.a in Frameworks */ = {isa = PBXBuildFile; fileRef = 8236B8E25F484E8CBBE52767 /* libPods.a */; };
/* End PBXBuildFile section */

/* Begin PBXFileReference section */
		0B104F4E18A61BF7001D25D1 /* Breadcrumbs.app */ = {isa = PBXFileReference; explicitFileType = wrapper.application; includeInIndex = 0; path = Breadcrumbs.app; sourceTree = BUILT_PRODUCTS_DIR; };
		0B104F5118A61BF7001D25D1 /* Foundation.framework */ = {isa = PBXFileReference; lastKnownFileType = wrapper.framework; name = Foundation.framework; path = System/Library/Frameworks/Foundation.framework; sourceTree = SDKROOT; };
		0B104F5518A61BF7001D25D1 /* UIKit.framework */ = {isa = PBXFileReference; lastKnownFileType = wrapper.framework; name = UIKit.framework; path = System/Library/Frameworks/UIKit.framework; sourceTree = SDKROOT; };
		0B104F5918A61BF7001D25D1 /* Breadcrumbs-Info.plist */ = {isa = PBXFileReference; lastKnownFileType = text.plist.xml; path = "Breadcrumbs-Info.plist"; sourceTree = "<group>"; };
		0B104F5B18A61BF7001D25D1 /* en */ = {isa = PBXFileReference; lastKnownFileType = text.plist.strings; name = en; path = en.lproj/InfoPlist.strings; sourceTree = "<group>"; };
		0B104F5D18A61BF7001D25D1 /* main.m */ = {isa = PBXFileReference; lastKnownFileType = sourcecode.c.objc; path = main.m; sourceTree = "<group>"; };
		0B104F5F18A61BF7001D25D1 /* Breadcrumbs-Prefix.pch */ = {isa = PBXFileReference; lastKnownFileType = sourcecode.c.h; path = "Breadcrumbs-Prefix.pch"; sourceTree = "<group>"; };
		0B104F6018A61BF7001D25D1 /* BCSEAppDelegate.h */ = {isa = PBXFileReference; lastKnownFileType = sourcecode.c.h; path = BCSEAppDelegate.h; sourceTree = "<group>"; };
		0B104F6118A61BF7001D25D1 /* BCSEAppDelegate.m */ = {isa = PBXFileReference; lastKnownFileType = sourcecode.c.objc; path = BCSEAppDelegate.m; sourceTree = "<group>"; };
		0B104F6418A61BF7001D25D1 /* Base */ = {isa = PBXFileReference; lastKnownFileType = file.storyboard; name = Base; path = Base.lproj/Main.storyboard; sourceTree = "<group>"; };
		0B104F6918A61BF7001D25D1 /* BCSEMainViewController.h */ = {isa = PBXFileReference; lastKnownFileType = sourcecode.c.h; path = BCSEMainViewController.h; sourceTree = "<group>"; };
		0B104F6A18A61BF7001D25D1 /* BCSEMainViewController.m */ = {isa = PBXFileReference; lastKnownFileType = sourcecode.c.objc; path = BCSEMainViewController.m; sourceTree = "<group>"; };
		0B104F6C18A61BF7001D25D1 /* BCSESettingsViewController.h */ = {isa = PBXFileReference; lastKnownFileType = sourcecode.c.h; path = BCSESettingsViewController.h; sourceTree = "<group>"; };
		0B104F6D18A61BF7001D25D1 /* BCSESettingsViewController.m */ = {isa = PBXFileReference; lastKnownFileType = sourcecode.c.objc; path = BCSESettingsViewController.m; sourceTree = "<group>"; };
		0B104F6F18A61BF7001D25D1 /* Images.xcassets */ = {isa = PBXFileReference; lastKnownFileType = folder.assetcatalog; path = Images.xcassets; sourceTree = "<group>"; };
		0B5DC36F18A75429008EAEA2 /* NSDate+Additions.h */ = {isa = PBXFileReference; fileEncoding = 4; lastKnownFileType = sourcecode.c.h; path = "NSDate+Additions.h"; sourceTree = "<group>"; };
		0B5DC37018A75429008EAEA2 /* NSDate+Additions.m */ = {isa = PBXFileReference; fileEncoding = 4; lastKnownFileType = sourcecode.c.objc; path = "NSDate+Additions.m"; sourceTree = "<group>"; };
		0B5DC37118A75429008EAEA2 /* UIDevice+Additions.h */ = {isa = PBXFileReference; fileEncoding = 4; lastKnownFileType = sourcecode.c.h; path = "UIDevice+Additions.h"; sourceTree = "<group>"; };
		0B5DC37218A75429008EAEA2 /* UIDevice+Additions.m */ = {isa = PBXFileReference; fileEncoding = 4; lastKnownFileType = sourcecode.c.objc; path = "UIDevice+Additions.m"; sourceTree = "<group>"; };
		0B5DC37318A75429008EAEA2 /* UITextViewLogger.h */ = {isa = PBXFileReference; fileEncoding = 4; lastKnownFileType = sourcecode.c.h; path = UITextViewLogger.h; sourceTree = "<group>"; };
		0B5DC37418A75429008EAEA2 /* UITextViewLogger.m */ = {isa = PBXFileReference; fileEncoding = 4; lastKnownFileType = sourcecode.c.objc; path = UITextViewLogger.m; sourceTree = "<group>"; };
		0B6423EC18A6348D00C9CF65 /* CoreLocation.framework */ = {isa = PBXFileReference; lastKnownFileType = wrapper.framework; name = CoreLocation.framework; path = System/Library/Frameworks/CoreLocation.framework; sourceTree = SDKROOT; };
		0B8063CB18BF8E1900A2C5C5 /* DefaultPreferences.plist */ = {isa = PBXFileReference; fileEncoding = 4; lastKnownFileType = text.plist.xml; path = DefaultPreferences.plist; sourceTree = "<group>"; };
		0BBADC6818A67C7B0034328A /* libc++.dylib */ = {isa = PBXFileReference; lastKnownFileType = "compiled.mach-o.dylib"; name = "libc++.dylib"; path = "usr/lib/libc++.dylib"; sourceTree = SDKROOT; };
		6C7DA44A1A694EA79257AB57 /* Pods.xcconfig */ = {isa = PBXFileReference; includeInIndex = 1; lastKnownFileType = text.xcconfig; name = Pods.xcconfig; path = Pods/Pods.xcconfig; sourceTree = "<group>"; };
		8236B8E25F484E8CBBE52767 /* libPods.a */ = {isa = PBXFileReference; explicitFileType = archive.ar; includeInIndex = 0; path = libPods.a; sourceTree = BUILT_PRODUCTS_DIR; };
/* End PBXFileReference section */

/* Begin PBXFrameworksBuildPhase section */
		0B104F4B18A61BF7001D25D1 /* Frameworks */ = {
			isa = PBXFrameworksBuildPhase;
			buildActionMask = 2147483647;
			files = (
				0B6423ED18A6348D00C9CF65 /* CoreLocation.framework in Frameworks */,
				0B104F5218A61BF7001D25D1 /* Foundation.framework in Frameworks */,
				0BBADC6918A67C7B0034328A /* libc++.dylib in Frameworks */,
				4AEE332933704E91B204EFA6 /* libPods.a in Frameworks */,
				0B104F5618A61BF7001D25D1 /* UIKit.framework in Frameworks */,
			);
			runOnlyForDeploymentPostprocessing = 0;
		};
/* End PBXFrameworksBuildPhase section */

/* Begin PBXGroup section */
		0B104F4518A61BF7001D25D1 = {
			isa = PBXGroup;
			children = (
				0B104F5718A61BF7001D25D1 /* Breadcrumbs */,
				0B104F5018A61BF7001D25D1 /* Frameworks */,
				0B104F4F18A61BF7001D25D1 /* Products */,
				6C7DA44A1A694EA79257AB57 /* Pods.xcconfig */,
			);
			sourceTree = "<group>";
		};
		0B104F4F18A61BF7001D25D1 /* Products */ = {
			isa = PBXGroup;
			children = (
				0B104F4E18A61BF7001D25D1 /* Breadcrumbs.app */,
			);
			name = Products;
			sourceTree = "<group>";
		};
		0B104F5018A61BF7001D25D1 /* Frameworks */ = {
			isa = PBXGroup;
			children = (
				0B6423EC18A6348D00C9CF65 /* CoreLocation.framework */,
				0B104F5118A61BF7001D25D1 /* Foundation.framework */,
				0BBADC6818A67C7B0034328A /* libc++.dylib */,
				8236B8E25F484E8CBBE52767 /* libPods.a */,
				0B104F5518A61BF7001D25D1 /* UIKit.framework */,
			);
			name = Frameworks;
			sourceTree = "<group>";
		};
		0B104F5718A61BF7001D25D1 /* Breadcrumbs */ = {
			isa = PBXGroup;
			children = (
				0B104F5818A61BF7001D25D1 /* Supporting Files */,
				0B5DC36E18A75429008EAEA2 /* Utilities */,
				0B104F6018A61BF7001D25D1 /* BCSEAppDelegate.h */,
				0B104F6118A61BF7001D25D1 /* BCSEAppDelegate.m */,
				0B104F6918A61BF7001D25D1 /* BCSEMainViewController.h */,
				0B104F6A18A61BF7001D25D1 /* BCSEMainViewController.m */,
				0B104F6C18A61BF7001D25D1 /* BCSESettingsViewController.h */,
				0B104F6D18A61BF7001D25D1 /* BCSESettingsViewController.m */,
				0B104F6F18A61BF7001D25D1 /* Images.xcassets */,
				0B104F6318A61BF7001D25D1 /* Main.storyboard */,
			);
			path = Breadcrumbs;
			sourceTree = "<group>";
		};
		0B104F5818A61BF7001D25D1 /* Supporting Files */ = {
			isa = PBXGroup;
			children = (
				0B104F5918A61BF7001D25D1 /* Breadcrumbs-Info.plist */,
				0B104F5F18A61BF7001D25D1 /* Breadcrumbs-Prefix.pch */,
				0B104F5A18A61BF7001D25D1 /* InfoPlist.strings */,
				0B104F5D18A61BF7001D25D1 /* main.m */,
				0B8063CB18BF8E1900A2C5C5 /* DefaultPreferences.plist */,
			);
			name = "Supporting Files";
			sourceTree = "<group>";
		};
		0B5DC36E18A75429008EAEA2 /* Utilities */ = {
			isa = PBXGroup;
			children = (
				0B5DC36F18A75429008EAEA2 /* NSDate+Additions.h */,
				0B5DC37018A75429008EAEA2 /* NSDate+Additions.m */,
				0B5DC37118A75429008EAEA2 /* UIDevice+Additions.h */,
				0B5DC37218A75429008EAEA2 /* UIDevice+Additions.m */,
				0B5DC37318A75429008EAEA2 /* UITextViewLogger.h */,
				0B5DC37418A75429008EAEA2 /* UITextViewLogger.m */,
			);
			path = Utilities;
			sourceTree = "<group>";
		};
/* End PBXGroup section */

/* Begin PBXNativeTarget section */
		0B104F4D18A61BF7001D25D1 /* Breadcrumbs */ = {
			isa = PBXNativeTarget;
			buildConfigurationList = 0B104F8618A61BF7001D25D1 /* Build configuration list for PBXNativeTarget "Breadcrumbs" */;
			buildPhases = (
				D18BA774876C49219B645393 /* Check Pods Manifest.lock */,
				0B104F4A18A61BF7001D25D1 /* Sources */,
				0B104F4B18A61BF7001D25D1 /* Frameworks */,
				0B104F4C18A61BF7001D25D1 /* Resources */,
				7BF570CEB60844C4A2EBD69B /* Copy Pods Resources */,
			);
			buildRules = (
			);
			dependencies = (
			);
			name = Breadcrumbs;
			productName = Breadcrumbs;
			productReference = 0B104F4E18A61BF7001D25D1 /* Breadcrumbs.app */;
			productType = "com.apple.product-type.application";
		};
/* End PBXNativeTarget section */

/* Begin PBXProject section */
		0B104F4618A61BF7001D25D1 /* Project object */ = {
			isa = PBXProject;
			attributes = {
				CLASSPREFIX = BCSE;
				LastUpgradeCheck = 0500;
				ORGANIZATIONNAME = "Grey Lee";
			};
			buildConfigurationList = 0B104F4918A61BF7001D25D1 /* Build configuration list for PBXProject "Breadcrumbs" */;
			compatibilityVersion = "Xcode 3.2";
			developmentRegion = English;
			hasScannedForEncodings = 0;
			knownRegions = (
				en,
				Base,
			);
			mainGroup = 0B104F4518A61BF7001D25D1;
			productRefGroup = 0B104F4F18A61BF7001D25D1 /* Products */;
			projectDirPath = "";
			projectRoot = "";
			targets = (
				0B104F4D18A61BF7001D25D1 /* Breadcrumbs */,
			);
		};
/* End PBXProject section */

/* Begin PBXResourcesBuildPhase section */
		0B104F4C18A61BF7001D25D1 /* Resources */ = {
			isa = PBXResourcesBuildPhase;
			buildActionMask = 2147483647;
			files = (
				0B104F7018A61BF7001D25D1 /* Images.xcassets in Resources */,
				0B8063CC18BF8E1900A2C5C5 /* DefaultPreferences.plist in Resources */,
				0B104F5C18A61BF7001D25D1 /* InfoPlist.strings in Resources */,
				0B104F6518A61BF7001D25D1 /* Main.storyboard in Resources */,
			);
			runOnlyForDeploymentPostprocessing = 0;
		};
/* End PBXResourcesBuildPhase section */

/* Begin PBXShellScriptBuildPhase section */
		7BF570CEB60844C4A2EBD69B /* Copy Pods Resources */ = {
			isa = PBXShellScriptBuildPhase;
			buildActionMask = 2147483647;
			files = (
			);
			inputPaths = (
			);
			name = "Copy Pods Resources";
			outputPaths = (
			);
			runOnlyForDeploymentPostprocessing = 0;
			shellPath = /bin/sh;
			shellScript = "\"${SRCROOT}/Pods/Pods-resources.sh\"\n";
			showEnvVarsInLog = 0;
		};
		D18BA774876C49219B645393 /* Check Pods Manifest.lock */ = {
			isa = PBXShellScriptBuildPhase;
			buildActionMask = 2147483647;
			files = (
			);
			inputPaths = (
			);
			name = "Check Pods Manifest.lock";
			outputPaths = (
			);
			runOnlyForDeploymentPostprocessing = 0;
			shellPath = /bin/sh;
			shellScript = "diff \"${PODS_ROOT}/../Podfile.lock\" \"${PODS_ROOT}/Manifest.lock\" > /dev/null\nif [[ $? != 0 ]] ; then\n    cat << EOM\nerror: The sandbox is not in sync with the Podfile.lock. Run 'pod install' or update your CocoaPods installation.\nEOM\n    exit 1\nfi\n";
			showEnvVarsInLog = 0;
		};
/* End PBXShellScriptBuildPhase section */

/* Begin PBXSourcesBuildPhase section */
		0B104F4A18A61BF7001D25D1 /* Sources */ = {
			isa = PBXSourcesBuildPhase;
			buildActionMask = 2147483647;
			files = (
				0B104F6218A61BF7001D25D1 /* BCSEAppDelegate.m in Sources */,
				0B104F6B18A61BF7001D25D1 /* BCSEMainViewController.m in Sources */,
				0B104F6E18A61BF7001D25D1 /* BCSESettingsViewController.m in Sources */,
				0B104F5E18A61BF7001D25D1 /* main.m in Sources */,
				0B5DC37518A75429008EAEA2 /* NSDate+Additions.m in Sources */,
				0B5DC37618A75429008EAEA2 /* UIDevice+Additions.m in Sources */,
				0B5DC37718A75429008EAEA2 /* UITextViewLogger.m in Sources */,
			);
			runOnlyForDeploymentPostprocessing = 0;
		};
/* End PBXSourcesBuildPhase section */

/* Begin PBXVariantGroup section */
		0B104F5A18A61BF7001D25D1 /* InfoPlist.strings */ = {
			isa = PBXVariantGroup;
			children = (
				0B104F5B18A61BF7001D25D1 /* en */,
			);
			name = InfoPlist.strings;
			sourceTree = "<group>";
		};
		0B104F6318A61BF7001D25D1 /* Main.storyboard */ = {
			isa = PBXVariantGroup;
			children = (
				0B104F6418A61BF7001D25D1 /* Base */,
			);
			name = Main.storyboard;
			sourceTree = "<group>";
		};
/* End PBXVariantGroup section */

/* Begin XCBuildConfiguration section */
		0B104F8418A61BF7001D25D1 /* Debug */ = {
			isa = XCBuildConfiguration;
			buildSettings = {
				ALWAYS_SEARCH_USER_PATHS = NO;
				ARCHS = "$(ARCHS_STANDARD_INCLUDING_64_BIT)";
				CLANG_CXX_LANGUAGE_STANDARD = "gnu++0x";
				CLANG_CXX_LIBRARY = "libc++";
				CLANG_ENABLE_MODULES = YES;
				CLANG_ENABLE_OBJC_ARC = YES;
				CLANG_WARN_BOOL_CONVERSION = YES;
				CLANG_WARN_CONSTANT_CONVERSION = YES;
				CLANG_WARN_DIRECT_OBJC_ISA_USAGE = YES_ERROR;
				CLANG_WARN_EMPTY_BODY = YES;
				CLANG_WARN_ENUM_CONVERSION = YES;
				CLANG_WARN_INT_CONVERSION = YES;
				CLANG_WARN_OBJC_ROOT_CLASS = YES_ERROR;
				CLANG_WARN__DUPLICATE_METHOD_MATCH = YES;
				"CODE_SIGN_IDENTITY[sdk=iphoneos*]" = "iPhone Developer";
				COPY_PHASE_STRIP = NO;
				GCC_C_LANGUAGE_STANDARD = gnu99;
				GCC_DYNAMIC_NO_PIC = NO;
				GCC_OPTIMIZATION_LEVEL = 0;
				GCC_PREPROCESSOR_DEFINITIONS = (
					"DEBUG=1",
					"$(inherited)",
				);
				GCC_SYMBOLS_PRIVATE_EXTERN = NO;
				GCC_WARN_64_TO_32_BIT_CONVERSION = YES;
				GCC_WARN_ABOUT_RETURN_TYPE = YES_ERROR;
				GCC_WARN_UNDECLARED_SELECTOR = YES;
				GCC_WARN_UNINITIALIZED_AUTOS = YES;
				GCC_WARN_UNUSED_FUNCTION = YES;
				GCC_WARN_UNUSED_VARIABLE = YES;
				IPHONEOS_DEPLOYMENT_TARGET = 7.0;
				ONLY_ACTIVE_ARCH = YES;
				OTHER_CODE_SIGN_FLAGS = "-gta";
				SDKROOT = iphoneos;
				TARGETED_DEVICE_FAMILY = "1,2";
			};
			name = Debug;
		};
		0B104F8518A61BF7001D25D1 /* Release */ = {
			isa = XCBuildConfiguration;
			buildSettings = {
				ALWAYS_SEARCH_USER_PATHS = NO;
				ARCHS = "$(ARCHS_STANDARD_INCLUDING_64_BIT)";
				CLANG_CXX_LANGUAGE_STANDARD = "gnu++0x";
				CLANG_CXX_LIBRARY = "libc++";
				CLANG_ENABLE_MODULES = YES;
				CLANG_ENABLE_OBJC_ARC = YES;
				CLANG_WARN_BOOL_CONVERSION = YES;
				CLANG_WARN_CONSTANT_CONVERSION = YES;
				CLANG_WARN_DIRECT_OBJC_ISA_USAGE = YES_ERROR;
				CLANG_WARN_EMPTY_BODY = YES;
				CLANG_WARN_ENUM_CONVERSION = YES;
				CLANG_WARN_INT_CONVERSION = YES;
				CLANG_WARN_OBJC_ROOT_CLASS = YES_ERROR;
				CLANG_WARN__DUPLICATE_METHOD_MATCH = YES;
				"CODE_SIGN_IDENTITY[sdk=iphoneos*]" = "iPhone Developer";
				COPY_PHASE_STRIP = YES;
				ENABLE_NS_ASSERTIONS = NO;
				GCC_C_LANGUAGE_STANDARD = gnu99;
				GCC_WARN_64_TO_32_BIT_CONVERSION = YES;
				GCC_WARN_ABOUT_RETURN_TYPE = YES_ERROR;
				GCC_WARN_UNDECLARED_SELECTOR = YES;
				GCC_WARN_UNINITIALIZED_AUTOS = YES;
				GCC_WARN_UNUSED_FUNCTION = YES;
				GCC_WARN_UNUSED_VARIABLE = YES;
				IPHONEOS_DEPLOYMENT_TARGET = 7.0;
				OTHER_CODE_SIGN_FLAGS = "-gta";
				SDKROOT = iphoneos;
				TARGETED_DEVICE_FAMILY = "1,2";
				VALIDATE_PRODUCT = YES;
			};
			name = Release;
		};
		0B104F8718A61BF7001D25D1 /* Debug */ = {
			isa = XCBuildConfiguration;
			baseConfigurationReference = 6C7DA44A1A694EA79257AB57 /* Pods.xcconfig */;
			buildSettings = {
				ASSETCATALOG_COMPILER_APPICON_NAME = AppIcon;
				ASSETCATALOG_COMPILER_LAUNCHIMAGE_NAME = LaunchImage;
				GCC_PRECOMPILE_PREFIX_HEADER = YES;
				GCC_PREFIX_HEADER = "Breadcrumbs/Breadcrumbs-Prefix.pch";
				INFOPLIST_FILE = "Breadcrumbs/Breadcrumbs-Info.plist";
				IPHONEOS_DEPLOYMENT_TARGET = 7.0;
				PRODUCT_NAME = "$(TARGET_NAME)";
				TARGETED_DEVICE_FAMILY = "1,2";
				WRAPPER_EXTENSION = app;
			};
			name = Debug;
		};
		0B104F8818A61BF7001D25D1 /* Release */ = {
			isa = XCBuildConfiguration;
			baseConfigurationReference = 6C7DA44A1A694EA79257AB57 /* Pods.xcconfig */;
			buildSettings = {
				ASSETCATALOG_COMPILER_APPICON_NAME = AppIcon;
				ASSETCATALOG_COMPILER_LAUNCHIMAGE_NAME = LaunchImage;
				GCC_PRECOMPILE_PREFIX_HEADER = YES;
				GCC_PREFIX_HEADER = "Breadcrumbs/Breadcrumbs-Prefix.pch";
				INFOPLIST_FILE = "Breadcrumbs/Breadcrumbs-Info.plist";
				IPHONEOS_DEPLOYMENT_TARGET = 7.0;
				PRODUCT_NAME = "$(TARGET_NAME)";
				TARGETED_DEVICE_FAMILY = "1,2";
				WRAPPER_EXTENSION = app;
			};
			name = Release;
		};
/* End XCBuildConfiguration section */

/* Begin XCConfigurationList section */
		0B104F4918A61BF7001D25D1 /* Build configuration list for PBXProject "Breadcrumbs" */ = {
			isa = XCConfigurationList;
			buildConfigurations = (
				0B104F8418A61BF7001D25D1 /* Debug */,
				0B104F8518A61BF7001D25D1 /* Release */,
			);
			defaultConfigurationIsVisible = 0;
			defaultConfigurationName = Release;
		};
		0B104F8618A61BF7001D25D1 /* Build configuration list for PBXNativeTarget "Breadcrumbs" */ = {
			isa = XCConfigurationList;
			buildConfigurations = (
				0B104F8718A61BF7001D25D1 /* Debug */,
				0B104F8818A61BF7001D25D1 /* Release */,
			);
			defaultConfigurationIsVisible = 0;
			defaultConfigurationName = Release;
		};
/* End XCConfigurationList section */
	};
	rootObject = 0B104F4618A61BF7001D25D1 /* Project object */;
}
